dependencies:
  espressif/cmake_utilities:
    component_hash: 351350613ceafba240b761b4ea991e0f231ac7a9f59a9ee901f751bddc0bb18f
    dependencies:
    - name: idf
      require: private
      version: '>=4.1'
    source:
      registry_url: https://components.espressif.com
      type: service
    version: 0.5.3
  espressif/esp_lcd_st7796:
    component_hash: 528a864b7dd447aa78472680a1f3e294c8045b4e64d479d176c3c66aa6f7edee
    dependencies:
    - name: espressif/cmake_utilities
      registry_url: https://components.espressif.com
      require: private
      version: 0.*
    - name: idf
      require: private
      version: '>=4.4'
    source:
      registry_url: https://components.espressif.com/
      type: service
    targets:
    - esp32
    - esp32s2
    - esp32s3
    - esp32p4
    - esp32c3
    version: 1.4.0
  idf:
    source:
      type: idf
    version: 6.0.2
direct_dependencies:
- espressif/esp_lcd_st7796
- idf
manifest_hash: 76452b1410f22744ad96e958622afbbe3dccfb98844830354da33d8cc27426c2
target: esp32c3
version: 3.0.0
